Microsoft Visual Studio Solution File, Format Version 9.00
# Visual Studio 2005
Project("{8BC9CEB8-8B4A-11D0-8D11-00A0C91BC942}") = "StateMachineTest", "StateMachineTest.vcproj", "{DD11EA9E-693A-456C-A835-97B88061FADF}"
EndProject
Global
	GlobalSection(SolutionConfigurationPlatforms) = preSolution
		Debug|Win32 = Debug|Win32
		Release|Win32 = Release|Win32
	EndGlobalSection
	GlobalSection(ProjectConfigurationPlatforms) = postSolution
		{DD11EA9E-693A-456C-A835-97B88061FADF}.Debug|Win32.ActiveCfg = Debug|Win32
		{DD11EA9E-693A-456C-A835-97B88061FADF}.Debug|Win32.Build.0 = Debug|Win32
		{DD11EA9E-693A-456C-A835-97B88061FADF}.Release|Win32.ActiveCfg = Release|Win32
		{DD11EA9E-693A-456C-A835-97B88061FADF}.Release|Win32.Build.0 = Release|Win32
	EndGlobalSection
	GlobalSection(SolutionProperties) = preSolution
		HideSolutionNode = FALSE
	EndGlobalSection
EndGlobal
